
Microsoft Visual Studio Solution File, Format Version 12.00
# Visual Studio Version 17
VisualStudioVersion = 17.0.32014.148
MinimumVisualStudioVersion = 10.0.40219.1
Project("{FAE04EC0-301F-11D3-BF4B-00C04F79EFBC}") = "Bài 1", "Bài 1\Bài 1.csproj", "{70BC651F-7BF9-406C-B753-500DAD4B516D}"
EndProject
Project("{FAE04EC0-301F-11D3-BF4B-00C04F79EFBC}") = "Bài 2", "..\Bài 2\Bài 2.csproj", "{6ACED9F2-F8DD-4D76-B639-FBB5EEA1C92F}"
EndProject
Global
	GlobalSection(SolutionConfigurationPlatforms) = preSolution
		Debug|Any CPU = Debug|Any CPU
		Release|Any CPU = Release|Any CPU
	EndGlobalSection
	GlobalSection(ProjectConfigurationPlatforms) = postSolution
		{70BC651F-7BF9-406C-B753-500DAD4B516D}.Debug|Any CPU.ActiveCfg = Debug|Any CPU
		{70BC651F-7BF9-406C-B753-500DAD4B516D}.Debug|Any CPU.Build.0 = Debug|Any CPU
		{70BC651F-7BF9-406C-B753-500DAD4B516D}.Release|Any CPU.ActiveCfg = Release|Any CPU
		{70BC651F-7BF9-406C-B753-500DAD4B516D}.Release|Any CPU.Build.0 = Release|Any CPU
		{6ACED9F2-F8DD-4D76-B639-FBB5EEA1C92F}.Debug|Any CPU.ActiveCfg = Debug|Any CPU
		{6ACED9F2-F8DD-4D76-B639-FBB5EEA1C92F}.Debug|Any CPU.Build.0 = Debug|Any CPU
		{6ACED9F2-F8DD-4D76-B639-FBB5EEA1C92F}.Release|Any CPU.ActiveCfg = Release|Any CPU
		{6ACED9F2-F8DD-4D76-B639-FBB5EEA1C92F}.Release|Any CPU.Build.0 = Release|Any CPU
	EndGlobalSection
	GlobalSection(SolutionProperties) = preSolution
		HideSolutionNode = FALSE
	EndGlobalSection
	GlobalSection(ExtensibilityGlobals) = postSolution
		SolutionGuid = {5B34B23A-1DA9-4104-BF46-E7E4BA367C91}
	EndGlobalSection
EndGlobal
